// !$*UTF8*$!
{
	archiveVersion = 1;
	classes = {
	};
	objectVersion = 56;
	objects = {

/* Begin PBXBuildFile section */
		562446422C1B01B400E1C2CB /* AppDelegate.swift in Sources */ = {isa = PBXBuildFile; fileRef = 562446412C1B01B400E1C2CB /* AppDelegate.swift */; };
		562446442C1B01B400E1C2CB /* SceneDelegate.swift in Sources */ = {isa = PBXBuildFile; fileRef = 562446432C1B01B400E1C2CB /* SceneDelegate.swift */; };
		562446462C1B01B400E1C2CB /* ViewController.swift in Sources */ = {isa = PBXBuildFile; fileRef = 562446452C1B01B400E1C2CB /* ViewController.swift */; };
		562446492C1B01B400E1C2CB /* Main.storyboard in Resources */ = {isa = PBXBuildFile; fileRef = 562446472C1B01B400E1C2CB /* Main.storyboard */; };
		5624464B2C1B01B500E1C2CB /* Assets.xcassets in Resources */ = {isa = PBXBuildFile; fileRef = 5624464A2C1B01B500E1C2CB /* Assets.xcassets */; };
		5624464E2C1B01B500E1C2CB /* LaunchScreen.storyboard in Resources */ = {isa = PBXBuildFile; fileRef = 5624464C2C1B01B500E1C2CB /* LaunchScreen.storyboard */; };
		562446572C1B080F00E1C2CB /* FirebaseConnect.swift in Sources */ = {isa = PBXBuildFile; fileRef = 562446562C1B080F00E1C2CB /* FirebaseConnect.swift */; };
		562446592C1B1AE600E1C2CB /* GoogleService-Info.plist in Resources */ = {isa = PBXBuildFile; fileRef = 562446582C1B1AE600E1C2CB /* GoogleService-Info.plist */; };
		5624465D2C1B1F8C00E1C2CB /* Global.swift in Sources */ = {isa = PBXBuildFile; fileRef = 5624465C2C1B1F8C00E1C2CB /* Global.swift */; };
		562446632C1B290900E1C2CB /* NewServerVC.swift in Sources */ = {isa = PBXBuildFile; fileRef = 562446622C1B290900E1C2CB /* NewServerVC.swift */; };
		DD3053B214DAAA0D3D7ABF56 /* Pods_GameVPNFirebase.framework in Frameworks */ = {isa = PBXBuildFile; fileRef = D48DE61BCF44C8F810EF5B42 /* Pods_GameVPNFirebase.framework */; };
/* End PBXBuildFile section */

/* Begin PBXFileReference section */
		5624463E2C1B01B400E1C2CB /* GameVPNFirebase.app */ = {isa = PBXFileReference; explicitFileType = wrapper.application; includeInIndex = 0; path = GameVPNFirebase.app; sourceTree = BUILT_PRODUCTS_DIR; };
		562446412C1B01B400E1C2CB /* AppDelegate.swift */ = {isa = PBXFileReference; lastKnownFileType = sourcecode.swift; path = AppDelegate.swift; sourceTree = "<group>"; };
		562446432C1B01B400E1C2CB /* SceneDelegate.swift */ = {isa = PBXFileReference; lastKnownFileType = sourcecode.swift; path = SceneDelegate.swift; sourceTree = "<group>"; };
		562446452C1B01B400E1C2CB /* ViewController.swift */ = {isa = PBXFileReference; lastKnownFileType = sourcecode.swift; path = ViewController.swift; sourceTree = "<group>"; };
		562446482C1B01B400E1C2CB /* Base */ = {isa = PBXFileReference; lastKnownFileType = file.storyboard; name = Base; path = Base.lproj/Main.storyboard; sourceTree = "<group>"; };
		5624464A2C1B01B500E1C2CB /* Assets.xcassets */ = {isa = PBXFileReference; lastKnownFileType = folder.assetcatalog; path = Assets.xcassets; sourceTree = "<group>"; };
		5624464D2C1B01B500E1C2CB /* Base */ = {isa = PBXFileReference; lastKnownFileType = file.storyboard; name = Base; path = Base.lproj/LaunchScreen.storyboard; sourceTree = "<group>"; };
		5624464F2C1B01B500E1C2CB /* Info.plist */ = {isa = PBXFileReference; lastKnownFileType = text.plist.xml; path = Info.plist; sourceTree = "<group>"; };
		562446562C1B080F00E1C2CB /* FirebaseConnect.swift */ = {isa = PBXFileReference; lastKnownFileType = sourcecode.swift; path = FirebaseConnect.swift; sourceTree = "<group>"; };
		562446582C1B1AE600E1C2CB /* GoogleService-Info.plist */ = {isa = PBXFileReference; fileEncoding = 4; lastKnownFileType = text.plist.xml; path = "GoogleService-Info.plist"; sourceTree = "<group>"; };
		5624465C2C1B1F8C00E1C2CB /* Global.swift */ = {isa = PBXFileReference; lastKnownFileType = sourcecode.swift; path = Global.swift; sourceTree = "<group>"; };
		562446622C1B290900E1C2CB /* NewServerVC.swift */ = {isa = PBXFileReference; lastKnownFileType = sourcecode.swift; path = NewServerVC.swift; sourceTree = "<group>"; };
		B66BE41D7335A3BBF719922A /* Pods-GameVPNFirebase.release.xcconfig */ = {isa = PBXFileReference; includeInIndex = 1; lastKnownFileType = text.xcconfig; name = "Pods-GameVPNFirebase.release.xcconfig"; path = "Target Support Files/Pods-GameVPNFirebase/Pods-GameVPNFirebase.release.xcconfig"; sourceTree = "<group>"; };
		D48DE61BCF44C8F810EF5B42 /* Pods_GameVPNFirebase.framework */ = {isa = PBXFileReference; explicitFileType = wrapper.framework; includeInIndex = 0; path = Pods_GameVPNFirebase.framework; sourceTree = BUILT_PRODUCTS_DIR; };
		F77E027490577852060F0F60 /* Pods-GameVPNFirebase.debug.xcconfig */ = {isa = PBXFileReference; includeInIndex = 1; lastKnownFileType = text.xcconfig; name = "Pods-GameVPNFirebase.debug.xcconfig"; path = "Target Support Files/Pods-GameVPNFirebase/Pods-GameVPNFirebase.debug.xcconfig"; sourceTree = "<group>"; };
/* End PBXFileReference section */

/* Begin PBXFrameworksBuildPhase section */
		5624463B2C1B01B400E1C2CB /* Frameworks */ = {
			isa = PBXFrameworksBuildPhase;
			buildActionMask = 2147483647;
			files = (
				DD3053B214DAAA0D3D7ABF56 /* Pods_GameVPNFirebase.framework in Frameworks */,
			);
			runOnlyForDeploymentPostprocessing = 0;
		};
/* End PBXFrameworksBuildPhase section */

/* Begin PBXGroup section */
		553B064C2A57025BF9AC59C5 /* Frameworks */ = {
			isa = PBXGroup;
			children = (
				D48DE61BCF44C8F810EF5B42 /* Pods_GameVPNFirebase.framework */,
			);
			name = Frameworks;
			sourceTree = "<group>";
		};
		562446352C1B01B400E1C2CB = {
			isa = PBXGroup;
			children = (
				562446402C1B01B400E1C2CB /* GameVPNFirebase */,
				5624463F2C1B01B400E1C2CB /* Products */,
				EC99ED21A93D6D8C28E42B76 /* Pods */,
				553B064C2A57025BF9AC59C5 /* Frameworks */,
			);
			sourceTree = "<group>";
		};
		5624463F2C1B01B400E1C2CB /* Products */ = {
			isa = PBXGroup;
			children = (
				5624463E2C1B01B400E1C2CB /* GameVPNFirebase.app */,
			);
			name = Products;
			sourceTree = "<group>";
		};
		562446402C1B01B400E1C2CB /* GameVPNFirebase */ = {
			isa = PBXGroup;
			children = (
				562446612C1B257000E1C2CB /* Resources */,
				562446602C1B256400E1C2CB /* Storyboard */,
				5624465F2C1B255A00E1C2CB /* Controller */,
				5624465E2C1B253600E1C2CB /* Delegate */,
				562446552C1B07EA00E1C2CB /* Entities */,
				5624464F2C1B01B500E1C2CB /* Info.plist */,
			);
			path = GameVPNFirebase;
			sourceTree = "<group>";
		};
		562446552C1B07EA00E1C2CB /* Entities */ = {
			isa = PBXGroup;
			children = (
				562446562C1B080F00E1C2CB /* FirebaseConnect.swift */,
				5624465C2C1B1F8C00E1C2CB /* Global.swift */,
			);
			path = Entities;
			sourceTree = "<group>";
		};
		5624465E2C1B253600E1C2CB /* Delegate */ = {
			isa = PBXGroup;
			children = (
				562446412C1B01B400E1C2CB /* AppDelegate.swift */,
				562446432C1B01B400E1C2CB /* SceneDelegate.swift */,
			);
			path = Delegate;
			sourceTree = "<group>";
		};
		5624465F2C1B255A00E1C2CB /* Controller */ = {
			isa = PBXGroup;
			children = (
				562446452C1B01B400E1C2CB /* ViewController.swift */,
				562446622C1B290900E1C2CB /* NewServerVC.swift */,
			);
			path = Controller;
			sourceTree = "<group>";
		};
		562446602C1B256400E1C2CB /* Storyboard */ = {
			isa = PBXGroup;
			children = (
				562446472C1B01B400E1C2CB /* Main.storyboard */,
				5624464C2C1B01B500E1C2CB /* LaunchScreen.storyboard */,
			);
			path = Storyboard;
			sourceTree = "<group>";
		};
		562446612C1B257000E1C2CB /* Resources */ = {
			isa = PBXGroup;
			children = (
				5624464A2C1B01B500E1C2CB /* Assets.xcassets */,
				562446582C1B1AE600E1C2CB /* GoogleService-Info.plist */,
			);
			path = Resources;
			sourceTree = "<group>";
		};
		EC99ED21A93D6D8C28E42B76 /* Pods */ = {
			isa = PBXGroup;
			children = (
				F77E027490577852060F0F60 /* Pods-GameVPNFirebase.debug.xcconfig */,
				B66BE41D7335A3BBF719922A /* Pods-GameVPNFirebase.release.xcconfig */,
			);
			path = Pods;
			sourceTree = "<group>";
		};
/* End PBXGroup section */

/* Begin PBXNativeTarget section */
		5624463D2C1B01B400E1C2CB /* GameVPNFirebase */ = {
			isa = PBXNativeTarget;
			buildConfigurationList = 562446522C1B01B500E1C2CB /* Build configuration list for PBXNativeTarget "GameVPNFirebase" */;
			buildPhases = (
				E615BF3779C984F2196A43B5 /* [CP] Check Pods Manifest.lock */,
				5624463A2C1B01B400E1C2CB /* Sources */,
				5624463B2C1B01B400E1C2CB /* Frameworks */,
				5624463C2C1B01B400E1C2CB /* Resources */,
				F4516BD37D62F9BF5EBC9580 /* [CP] Embed Pods Frameworks */,
			);
			buildRules = (
			);
			dependencies = (
			);
			name = GameVPNFirebase;
			productName = GameVPNFirebase;
			productReference = 5624463E2C1B01B400E1C2CB /* GameVPNFirebase.app */;
			productType = "com.apple.product-type.application";
		};
/* End PBXNativeTarget section */

/* Begin PBXProject section */
		562446362C1B01B400E1C2CB /* Project object */ = {
			isa = PBXProject;
			attributes = {
				BuildIndependentTargetsInParallel = 1;
				LastSwiftUpdateCheck = 1510;
				LastUpgradeCheck = 1510;
				TargetAttributes = {
					5624463D2C1B01B400E1C2CB = {
						CreatedOnToolsVersion = 15.1;
					};
				};
			};
			buildConfigurationList = 562446392C1B01B400E1C2CB /* Build configuration list for PBXProject "GameVPNFirebase" */;
			compatibilityVersion = "Xcode 14.0";
			developmentRegion = en;
			hasScannedForEncodings = 0;
			knownRegions = (
				en,
				Base,
			);
			mainGroup = 562446352C1B01B400E1C2CB;
			productRefGroup = 5624463F2C1B01B400E1C2CB /* Products */;
			projectDirPath = "";
			projectRoot = "";
			targets = (
				5624463D2C1B01B400E1C2CB /* GameVPNFirebase */,
			);
		};
/* End PBXProject section */

/* Begin PBXResourcesBuildPhase section */
		5624463C2C1B01B400E1C2CB /* Resources */ = {
			isa = PBXResourcesBuildPhase;
			buildActionMask = 2147483647;
			files = (
				5624464E2C1B01B500E1C2CB /* LaunchScreen.storyboard in Resources */,
				562446592C1B1AE600E1C2CB /* GoogleService-Info.plist in Resources */,
				5624464B2C1B01B500E1C2CB /* Assets.xcassets in Resources */,
				562446492C1B01B400E1C2CB /* Main.storyboard in Resources */,
			);
			runOnlyForDeploymentPostprocessing = 0;
		};
/* End PBXResourcesBuildPhase section */

/* Begin PBXShellScriptBuildPhase section */
		E615BF3779C984F2196A43B5 /* [CP] Check Pods Manifest.lock */ = {
			isa = PBXShellScriptBuildPhase;
			buildActionMask = 2147483647;
			files = (
			);
			inputFileListPaths = (
			);
			inputPaths = (
				"${PODS_PODFILE_DIR_PATH}/Podfile.lock",
				"${PODS_ROOT}/Manifest.lock",
			);
			name = "[CP] Check Pods Manifest.lock";
			outputFileListPaths = (
			);
			outputPaths = (
				"$(DERIVED_FILE_DIR)/Pods-GameVPNFirebase-checkManifestLockResult.txt",
			);
			runOnlyForDeploymentPostprocessing = 0;
			shellPath = /bin/sh;
			shellScript = "diff \"${PODS_PODFILE_DIR_PATH}/Podfile.lock\" \"${PODS_ROOT}/Manifest.lock\" > /dev/null\nif [ $? != 0 ] ; then\n    # print error to STDERR\n    echo \"error: The sandbox is not in sync with the Podfile.lock. Run 'pod install' or update your CocoaPods installation.\" >&2\n    exit 1\nfi\n# This output is used by Xcode 'outputs' to avoid re-running this script phase.\necho \"SUCCESS\" > \"${SCRIPT_OUTPUT_FILE_0}\"\n";
			showEnvVarsInLog = 0;
		};
		F4516BD37D62F9BF5EBC9580 /* [CP] Embed Pods Frameworks */ = {
			isa = PBXShellScriptBuildPhase;
			buildActionMask = 2147483647;
			files = (
			);
			inputFileListPaths = (
				"${PODS_ROOT}/Target Support Files/Pods-GameVPNFirebase/Pods-GameVPNFirebase-frameworks-${CONFIGURATION}-input-files.xcfilelist",
			);
			name = "[CP] Embed Pods Frameworks";
			outputFileListPaths = (
				"${PODS_ROOT}/Target Support Files/Pods-GameVPNFirebase/Pods-GameVPNFirebase-frameworks-${CONFIGURATION}-output-files.xcfilelist",
			);
			runOnlyForDeploymentPostprocessing = 0;
			shellPath = /bin/sh;
			shellScript = "\"${PODS_ROOT}/Target Support Files/Pods-GameVPNFirebase/Pods-GameVPNFirebase-frameworks.sh\"\n";
			showEnvVarsInLog = 0;
		};
/* End PBXShellScriptBuildPhase section */

/* Begin PBXSourcesBuildPhase section */
		5624463A2C1B01B400E1C2CB /* Sources */ = {
			isa = PBXSourcesBuildPhase;
			buildActionMask = 2147483647;
			files = (
				562446462C1B01B400E1C2CB /* ViewController.swift in Sources */,
				562446422C1B01B400E1C2CB /* AppDelegate.swift in Sources */,
				562446442C1B01B400E1C2CB /* SceneDelegate.swift in Sources */,
				5624465D2C1B1F8C00E1C2CB /* Global.swift in Sources */,
				562446632C1B290900E1C2CB /* NewServerVC.swift in Sources */,
				562446572C1B080F00E1C2CB /* FirebaseConnect.swift in Sources */,
			);
			runOnlyForDeploymentPostprocessing = 0;
		};
/* End PBXSourcesBuildPhase section */

/* Begin PBXVariantGroup section */
		562446472C1B01B400E1C2CB /* Main.storyboard */ = {
			isa = PBXVariantGroup;
			children = (
				562446482C1B01B400E1C2CB /* Base */,
			);
			name = Main.storyboard;
			sourceTree = "<group>";
		};
		5624464C2C1B01B500E1C2CB /* LaunchScreen.storyboard */ = {
			isa = PBXVariantGroup;
			children = (
				5624464D2C1B01B500E1C2CB /* Base */,
			);
			name = LaunchScreen.storyboard;
			sourceTree = "<group>";
		};
/* End PBXVariantGroup section */

/* Begin XCBuildConfiguration section */
		562446502C1B01B500E1C2CB /* Debug */ = {
			isa = XCBuildConfiguration;
			buildSettings = {
				ALWAYS_SEARCH_USER_PATHS = NO;
				ASSETCATALOG_COMPILER_GENERATE_SWIFT_ASSET_SYMBOL_EXTENSIONS = YES;
				CLANG_ANALYZER_NONNULL = YES;
				CLANG_ANALYZER_NUMBER_OBJECT_CONVERSION = YES_AGGRESSIVE;
				CLANG_CXX_LANGUAGE_STANDARD = "gnu++20";
				CLANG_ENABLE_MODULES = YES;
				CLANG_ENABLE_OBJC_ARC = YES;
				CLANG_ENABLE_OBJC_WEAK = YES;
				CLANG_WARN_BLOCK_CAPTURE_AUTORELEASING = YES;
				CLANG_WARN_BOOL_CONVERSION = YES;
				CLANG_WARN_COMMA = YES;
				CLANG_WARN_CONSTANT_CONVERSION = YES;
				CLANG_WARN_DEPRECATED_OBJC_IMPLEMENTATIONS = YES;
				CLANG_WARN_DIRECT_OBJC_ISA_USAGE = YES_ERROR;
				CLANG_WARN_DOCUMENTATION_COMMENTS = YES;
				CLANG_WARN_EMPTY_BODY = YES;
				CLANG_WARN_ENUM_CONVERSION = YES;
				CLANG_WARN_INFINITE_RECURSION = YES;
				CLANG_WARN_INT_CONVERSION = YES;
				CLANG_WARN_NON_LITERAL_NULL_CONVERSION = YES;
				CLANG_WARN_OBJC_IMPLICIT_RETAIN_SELF = YES;
				CLANG_WARN_OBJC_LITERAL_CONVERSION = YES;
				CLANG_WARN_OBJC_ROOT_CLASS = YES_ERROR;
				CLANG_WARN_QUOTED_INCLUDE_IN_FRAMEWORK_HEADER = YES;
				CLANG_WARN_RANGE_LOOP_ANALYSIS = YES;
				CLANG_WARN_STRICT_PROTOTYPES = YES;
				CLANG_WARN_SUSPICIOUS_MOVE = YES;
				CLANG_WARN_UNGUARDED_AVAILABILITY = YES_AGGRESSIVE;
				CLANG_WARN_UNREACHABLE_CODE = YES;
				CLANG_WARN__DUPLICATE_METHOD_MATCH = YES;
				COPY_PHASE_STRIP = NO;
				DEBUG_INFORMATION_FORMAT = dwarf;
				ENABLE_STRICT_OBJC_MSGSEND = YES;
				ENABLE_TESTABILITY = YES;
				ENABLE_USER_SCRIPT_SANDBOXING = YES;
				GCC_C_LANGUAGE_STANDARD = gnu17;
				GCC_DYNAMIC_NO_PIC = NO;
				GCC_NO_COMMON_BLOCKS = YES;
				GCC_OPTIMIZATION_LEVEL = 0;
				GCC_PREPROCESSOR_DEFINITIONS = (
					"DEBUG=1",
					"$(inherited)",
				);
				GCC_WARN_64_TO_32_BIT_CONVERSION = YES;
				GCC_WARN_ABOUT_RETURN_TYPE = YES_ERROR;
				GCC_WARN_UNDECLARED_SELECTOR = YES;
				GCC_WARN_UNINITIALIZED_AUTOS = YES_AGGRESSIVE;
				GCC_WARN_UNUSED_FUNCTION = YES;
				GCC_WARN_UNUSED_VARIABLE = YES;
				IPHONEOS_DEPLOYMENT_TARGET = 17.2;
				LOCALIZATION_PREFERS_STRING_CATALOGS = YES;
				MTL_ENABLE_DEBUG_INFO = INCLUDE_SOURCE;
				MTL_FAST_MATH = YES;
				ONLY_ACTIVE_ARCH = YES;
				SDKROOT = iphoneos;
				SWIFT_ACTIVE_COMPILATION_CONDITIONS = "DEBUG $(inherited)";
				SWIFT_OPTIMIZATION_LEVEL = "-Onone";
			};
			name = Debug;
		};
		562446512C1B01B500E1C2CB /* Release */ = {
			isa = XCBuildConfiguration;
			buildSettings = {
				ALWAYS_SEARCH_USER_PATHS = NO;
				ASSETCATALOG_COMPILER_GENERATE_SWIFT_ASSET_SYMBOL_EXTENSIONS = YES;
				CLANG_ANALYZER_NONNULL = YES;
				CLANG_ANALYZER_NUMBER_OBJECT_CONVERSION = YES_AGGRESSIVE;
				CLANG_CXX_LANGUAGE_STANDARD = "gnu++20";
				CLANG_ENABLE_MODULES = YES;
				CLANG_ENABLE_OBJC_ARC = YES;
				CLANG_ENABLE_OBJC_WEAK = YES;
				CLANG_WARN_BLOCK_CAPTURE_AUTORELEASING = YES;
				CLANG_WARN_BOOL_CONVERSION = YES;
				CLANG_WARN_COMMA = YES;
				CLANG_WARN_CONSTANT_CONVERSION = YES;
				CLANG_WARN_DEPRECATED_OBJC_IMPLEMENTATIONS = YES;
				CLANG_WARN_DIRECT_OBJC_ISA_USAGE = YES_ERROR;
				CLANG_WARN_DOCUMENTATION_COMMENTS = YES;
				CLANG_WARN_EMPTY_BODY = YES;
				CLANG_WARN_ENUM_CONVERSION = YES;
				CLANG_WARN_INFINITE_RECURSION = YES;
				CLANG_WARN_INT_CONVERSION = YES;
				CLANG_WARN_NON_LITERAL_NULL_CONVERSION = YES;
				CLANG_WARN_OBJC_IMPLICIT_RETAIN_SELF = YES;
				CLANG_WARN_OBJC_LITERAL_CONVERSION = YES;
				CLANG_WARN_OBJC_ROOT_CLASS = YES_ERROR;
				CLANG_WARN_QUOTED_INCLUDE_IN_FRAMEWORK_HEADER = YES;
				CLANG_WARN_RANGE_LOOP_ANALYSIS = YES;
				CLANG_WARN_STRICT_PROTOTYPES = YES;
				CLANG_WARN_SUSPICIOUS_MOVE = YES;
				CLANG_WARN_UNGUARDED_AVAILABILITY = YES_AGGRESSIVE;
				CLANG_WARN_UNREACHABLE_CODE = YES;
				CLANG_WARN__DUPLICATE_METHOD_MATCH = YES;
				COPY_PHASE_STRIP = NO;
				DEBUG_INFORMATION_FORMAT = "dwarf-with-dsym";
				ENABLE_NS_ASSERTIONS = NO;
				ENABLE_STRICT_OBJC_MSGSEND = YES;
				ENABLE_USER_SCRIPT_SANDBOXING = YES;
				GCC_C_LANGUAGE_STANDARD = gnu17;
				GCC_NO_COMMON_BLOCKS = YES;
				GCC_WARN_64_TO_32_BIT_CONVERSION = YES;
				GCC_WARN_ABOUT_RETURN_TYPE = YES_ERROR;
				GCC_WARN_UNDECLARED_SELECTOR = YES;
				GCC_WARN_UNINITIALIZED_AUTOS = YES_AGGRESSIVE;
				GCC_WARN_UNUSED_FUNCTION = YES;
				GCC_WARN_UNUSED_VARIABLE = YES;
				IPHONEOS_DEPLOYMENT_TARGET = 17.2;
				LOCALIZATION_PREFERS_STRING_CATALOGS = YES;
				MTL_ENABLE_DEBUG_INFO = NO;
				MTL_FAST_MATH = YES;
				SDKROOT = iphoneos;
				SWIFT_COMPILATION_MODE = wholemodule;
				VALIDATE_PRODUCT = YES;
			};
			name = Release;
		};
		562446532C1B01B500E1C2CB /* Debug */ = {
			isa = XCBuildConfiguration;
			baseConfigurationReference = F77E027490577852060F0F60 /* Pods-GameVPNFirebase.debug.xcconfig */;
			buildSettings = {
				ASSETCATALOG_COMPILER_APPICON_NAME = AppIcon;
				ASSETCATALOG_COMPILER_GLOBAL_ACCENT_COLOR_NAME = AccentColor;
				CODE_SIGN_STYLE = Automatic;
				CURRENT_PROJECT_VERSION = 1;
				DEVELOPMENT_TEAM = 8X5NQZRVNX;
				ENABLE_USER_SCRIPT_SANDBOXING = NO;
				GENERATE_INFOPLIST_FILE = YES;
				INFOPLIST_FILE = GameVPNFirebase/Info.plist;
				INFOPLIST_KEY_UIApplicationSupportsIndirectInputEvents = YES;
				INFOPLIST_KEY_UILaunchStoryboardName = LaunchScreen;
				INFOPLIST_KEY_UIMainStoryboardFile = Main;
				INFOPLIST_KEY_UISupportedInterfaceOrientations_iPad = "UIInterfaceOrientationPortrait UIInterfaceOrientationPortraitUpsideDown UIInterfaceOrientationLandscapeLeft UIInterfaceOrientationLandscapeRight";
				INFOPLIST_KEY_UISupportedInterfaceOrientations_iPhone = "UIInterfaceOrientationPortrait UIInterfaceOrientationLandscapeLeft UIInterfaceOrientationLandscapeRight";
				IPHONEOS_DEPLOYMENT_TARGET = 14.0;
				LD_RUNPATH_SEARCH_PATHS = (
					"$(inherited)",
					"@executable_path/Frameworks",
				);
				MARKETING_VERSION = 1.0;
				PRODUCT_BUNDLE_IDENTIFIER = com.aip.gamevpnfirebase;
				PRODUCT_NAME = "$(TARGET_NAME)";
				SWIFT_EMIT_LOC_STRINGS = YES;
				SWIFT_VERSION = 5.0;
				TARGETED_DEVICE_FAMILY = "1,2";
			};
			name = Debug;
		};
		562446542C1B01B500E1C2CB /* Release */ = {
			isa = XCBuildConfiguration;
			baseConfigurationReference = B66BE41D7335A3BBF719922A /* Pods-GameVPNFirebase.release.xcconfig */;
			buildSettings = {
				ASSETCATALOG_COMPILER_APPICON_NAME = AppIcon;
				ASSETCATALOG_COMPILER_GLOBAL_ACCENT_COLOR_NAME = AccentColor;
				CODE_SIGN_STYLE = Automatic;
				CURRENT_PROJECT_VERSION = 1;
				DEVELOPMENT_TEAM = 8X5NQZRVNX;
				ENABLE_USER_SCRIPT_SANDBOXING = NO;
				GENERATE_INFOPLIST_FILE = YES;
				INFOPLIST_FILE = GameVPNFirebase/Info.plist;
				INFOPLIST_KEY_UIApplicationSupportsIndirectInputEvents = YES;
				INFOPLIST_KEY_UILaunchStoryboardName = LaunchScreen;
				INFOPLIST_KEY_UIMainStoryboardFile = Main;
				INFOPLIST_KEY_UISupportedInterfaceOrientations_iPad = "UIInterfaceOrientationPortrait UIInterfaceOrientationPortraitUpsideDown UIInterfaceOrientationLandscapeLeft UIInterfaceOrientationLandscapeRight";
				INFOPLIST_KEY_UISupportedInterfaceOrientations_iPhone = "UIInterfaceOrientationPortrait UIInterfaceOrientationLandscapeLeft UIInterfaceOrientationLandscapeRight";
				IPHONEOS_DEPLOYMENT_TARGET = 14.0;
				LD_RUNPATH_SEARCH_PATHS = (
					"$(inherited)",
					"@executable_path/Frameworks",
				);
				MARKETING_VERSION = 1.0;
				PRODUCT_BUNDLE_IDENTIFIER = com.aip.gamevpnfirebase;
				PRODUCT_NAME = "$(TARGET_NAME)";
				SWIFT_EMIT_LOC_STRINGS = YES;
				SWIFT_VERSION = 5.0;
				TARGETED_DEVICE_FAMILY = "1,2";
			};
			name = Release;
		};
/* End XCBuildConfiguration section */

/* Begin XCConfigurationList section */
		562446392C1B01B400E1C2CB /* Build configuration list for PBXProject "GameVPNFirebase" */ = {
			isa = XCConfigurationList;
			buildConfigurations = (
				562446502C1B01B500E1C2CB /* Debug */,
				562446512C1B01B500E1C2CB /* Release */,
			);
			defaultConfigurationIsVisible = 0;
			defaultConfigurationName = Release;
		};
		562446522C1B01B500E1C2CB /* Build configuration list for PBXNativeTarget "GameVPNFirebase" */ = {
			isa = XCConfigurationList;
			buildConfigurations = (
				562446532C1B01B500E1C2CB /* Debug */,
				562446542C1B01B500E1C2CB /* Release */,
			);
			defaultConfigurationIsVisible = 0;
			defaultConfigurationName = Release;
		};
/* End XCConfigurationList section */
	};
	rootObject = 562446362C1B01B400E1C2CB /* Project object */;
}
